// !$*UTF8*$!
{
	archiveVersion = 1;
	classes = {
	};
	objectVersion = 77;
	objects = {

/* Begin PBXBuildFile section */
		A33EC85B2D96425000023787 /* FirebaseAuth in Frameworks */ = {isa = PBXBuildFile; productRef = A33EC85A2D96425000023787 /* FirebaseAuth */; };
		A33EC85D2D96425000023787 /* FirebaseAuthCombine-Community in Frameworks */ = {isa = PBXBuildFile; productRef = A33EC85C2D96425000023787 /* FirebaseAuthCombine-Community */; };
		A33EC85F2D96425000023787 /* FirebaseCore in Frameworks */ = {isa = PBXBuildFile; productRef = A33EC85E2D96425000023787 /* FirebaseCore */; };
		A33EC8972D964F7700023787 /* FirebaseAnalytics in Frameworks */ = {isa = PBXBuildFile; productRef = A33EC8962D964F7700023787 /* FirebaseAnalytics */; };
		A33EC8992D964F7700023787 /* FirebaseAnalyticsOnDeviceConversion in Frameworks */ = {isa = PBXBuildFile; productRef = A33EC8982D964F7700023787 /* FirebaseAnalyticsOnDeviceConversion */; };
		A33EC89B2D964F7700023787 /* FirebaseAppCheck in Frameworks */ = {isa = PBXBuildFile; productRef = A33EC89A2D964F7700023787 /* FirebaseAppCheck */; };
		A33EC89D2D964F7700023787 /* FirebaseDatabase in Frameworks */ = {isa = PBXBuildFile; productRef = A33EC89C2D964F7700023787 /* FirebaseDatabase */; };
		A33EC89F2D964F7700023787 /* FirebaseFirestoreCombine-Community in Frameworks */ = {isa = PBXBuildFile; productRef = A33EC89E2D964F7700023787 /* FirebaseFirestoreCombine-Community */; };
		A39246102D96FFDB00864F5E /* FirebaseAppDistribution-Beta in Frameworks */ = {isa = PBXBuildFile; productRef = A392460F2D96FFDB00864F5E /* FirebaseAppDistribution-Beta */; };
		A39246122D96FFDB00864F5E /* FirebaseFirestore in Frameworks */ = {isa = PBXBuildFile; productRef = A39246112D96FFDB00864F5E /* FirebaseFirestore */; };
		A39246142D96FFDB00864F5E /* FirebaseFunctionsCombine-Community in Frameworks */ = {isa = PBXBuildFile; productRef = A39246132D96FFDB00864F5E /* FirebaseFunctionsCombine-Community */; };
		A39246162D96FFDB00864F5E /* FirebaseMessaging in Frameworks */ = {isa = PBXBuildFile; productRef = A39246152D96FFDB00864F5E /* FirebaseMessaging */; };
		A39246182D96FFDB00864F5E /* FirebaseRemoteConfig in Frameworks */ = {isa = PBXBuildFile; productRef = A39246172D96FFDB00864F5E /* FirebaseRemoteConfig */; };
		A392461A2D96FFDB00864F5E /* FirebaseStorageCombine-Community in Frameworks */ = {isa = PBXBuildFile; productRef = A39246192D96FFDB00864F5E /* FirebaseStorageCombine-Community */; };
/* End PBXBuildFile section */

/* Begin PBXFileReference section */
		A33EC8482D96421000023787 /* ToodoList.app */ = {isa = PBXFileReference; explicitFileType = wrapper.application; includeInIndex = 0; path = ToodoList.app; sourceTree = BUILT_PRODUCTS_DIR; };
/* End PBXFileReference section */

/* Begin PBXFileSystemSynchronizedRootGroup section */
		A33EC84A2D96421000023787 /* ToodoList */ = {
			isa = PBXFileSystemSynchronizedRootGroup;
			path = ToodoList;
			sourceTree = "<group>";
		};
/* End PBXFileSystemSynchronizedRootGroup section */

/* Begin PBXFrameworksBuildPhase section */
		A33EC8452D96421000023787 /* Frameworks */ = {
			isa = PBXFrameworksBuildPhase;
			buildActionMask = 2147483647;
			files = (
				A39246162D96FFDB00864F5E /* FirebaseMessaging in Frameworks */,
				A33EC85B2D96425000023787 /* FirebaseAuth in Frameworks */,
				A33EC89F2D964F7700023787 /* FirebaseFirestoreCombine-Community in Frameworks */,
				A33EC85F2D96425000023787 /* FirebaseCore in Frameworks */,
				A39246122D96FFDB00864F5E /* FirebaseFirestore in Frameworks */,
				A33EC8992D964F7700023787 /* FirebaseAnalyticsOnDeviceConversion in Frameworks */,
				A33EC8972D964F7700023787 /* FirebaseAnalytics in Frameworks */,
				A33EC89B2D964F7700023787 /* FirebaseAppCheck in Frameworks */,
				A392461A2D96FFDB00864F5E /* FirebaseStorageCombine-Community in Frameworks */,
				A33EC89D2D964F7700023787 /* FirebaseDatabase in Frameworks */,
				A33EC85D2D96425000023787 /* FirebaseAuthCombine-Community in Frameworks */,
				A39246182D96FFDB00864F5E /* FirebaseRemoteConfig in Frameworks */,
				A39246142D96FFDB00864F5E /* FirebaseFunctionsCombine-Community in Frameworks */,
				A39246102D96FFDB00864F5E /* FirebaseAppDistribution-Beta in Frameworks */,
			);
			runOnlyForDeploymentPostprocessing = 0;
		};
/* End PBXFrameworksBuildPhase section */

/* Begin PBXGroup section */
		A33EC83F2D96421000023787 = {
			isa = PBXGroup;
			children = (
				A33EC84A2D96421000023787 /* ToodoList */,
				A33EC8492D96421000023787 /* Products */,
			);
			sourceTree = "<group>";
		};
		A33EC8492D96421000023787 /* Products */ = {
			isa = PBXGroup;
			children = (
				A33EC8482D96421000023787 /* ToodoList.app */,
			);
			name = Products;
			sourceTree = "<group>";
		};
/* End PBXGroup section */

/* Begin PBXNativeTarget section */
		A33EC8472D96421000023787 /* ToodoList */ = {
			isa = PBXNativeTarget;
			buildConfigurationList = A33EC8562D96421200023787 /* Build configuration list for PBXNativeTarget "ToodoList" */;
			buildPhases = (
				A33EC8442D96421000023787 /* Sources */,
				A33EC8452D96421000023787 /* Frameworks */,
				A33EC8462D96421000023787 /* Resources */,
			);
			buildRules = (
			);
			dependencies = (
			);
			fileSystemSynchronizedGroups = (
				A33EC84A2D96421000023787 /* ToodoList */,
			);
			name = ToodoList;
			packageProductDependencies = (
				A33EC85A2D96425000023787 /* FirebaseAuth */,
				A33EC85C2D96425000023787 /* FirebaseAuthCombine-Community */,
				A33EC85E2D96425000023787 /* FirebaseCore */,
				A33EC8962D964F7700023787 /* FirebaseAnalytics */,
				A33EC8982D964F7700023787 /* FirebaseAnalyticsOnDeviceConversion */,
				A33EC89A2D964F7700023787 /* FirebaseAppCheck */,
				A33EC89C2D964F7700023787 /* FirebaseDatabase */,
				A33EC89E2D964F7700023787 /* FirebaseFirestoreCombine-Community */,
				A392460F2D96FFDB00864F5E /* FirebaseAppDistribution-Beta */,
				A39246112D96FFDB00864F5E /* FirebaseFirestore */,
				A39246132D96FFDB00864F5E /* FirebaseFunctionsCombine-Community */,
				A39246152D96FFDB00864F5E /* FirebaseMessaging */,
				A39246172D96FFDB00864F5E /* FirebaseRemoteConfig */,
				A39246192D96FFDB00864F5E /* FirebaseStorageCombine-Community */,
			);
			productName = ToodoList;
			productReference = A33EC8482D96421000023787 /* ToodoList.app */;
			productType = "com.apple.product-type.application";
		};
/* End PBXNativeTarget section */

/* Begin PBXProject section */
		A33EC8402D96421000023787 /* Project object */ = {
			isa = PBXProject;
			attributes = {
				BuildIndependentTargetsInParallel = 1;
				LastSwiftUpdateCheck = 1620;
				LastUpgradeCheck = 1620;
				TargetAttributes = {
					A33EC8472D96421000023787 = {
						CreatedOnToolsVersion = 16.2;
					};
				};
			};
			buildConfigurationList = A33EC8432D96421000023787 /* Build configuration list for PBXProject "ToodoList" */;
			developmentRegion = en;
			hasScannedForEncodings = 0;
			knownRegions = (
				en,
				Base,
			);
			mainGroup = A33EC83F2D96421000023787;
			minimizedProjectReferenceProxies = 1;
			packageReferences = (
				A33EC8592D96425000023787 /* XCRemoteSwiftPackageReference "firebase-ios-sdk" */,
			);
			preferredProjectObjectVersion = 77;
			productRefGroup = A33EC8492D96421000023787 /* Products */;
			projectDirPath = "";
			projectRoot = "";
			targets = (
				A33EC8472D96421000023787 /* ToodoList */,
			);
		};
/* End PBXProject section */

/* Begin PBXResourcesBuildPhase section */
		A33EC8462D96421000023787 /* Resources */ = {
			isa = PBXResourcesBuildPhase;
			buildActionMask = 2147483647;
			files = (
			);
			runOnlyForDeploymentPostprocessing = 0;
		};
/* End PBXResourcesBuildPhase section */

/* Begin PBXSourcesBuildPhase section */
		A33EC8442D96421000023787 /* Sources */ = {
			isa = PBXSourcesBuildPhase;
			buildActionMask = 2147483647;
			files = (
			);
			runOnlyForDeploymentPostprocessing = 0;
		};
/* End PBXSourcesBuildPhase section */

/* Begin XCBuildConfiguration section */
		A33EC8542D96421200023787 /* Debug */ = {
			isa = XCBuildConfiguration;
			buildSettings = {
				ALWAYS_SEARCH_USER_PATHS = NO;
				ASSETCATALOG_COMPILER_GENERATE_SWIFT_ASSET_SYMBOL_EXTENSIONS = YES;
				CLANG_ANALYZER_NONNULL = YES;
				CLANG_ANALYZER_NUMBER_OBJECT_CONVERSION = YES_AGGRESSIVE;
				CLANG_CXX_LANGUAGE_STANDARD = "gnu++20";
				CLANG_ENABLE_MODULES = YES;
				CLANG_ENABLE_OBJC_ARC = YES;
				CLANG_ENABLE_OBJC_WEAK = YES;
				CLANG_WARN_BLOCK_CAPTURE_AUTORELEASING = YES;
				CLANG_WARN_BOOL_CONVERSION = YES;
				CLANG_WARN_COMMA = YES;
				CLANG_WARN_CONSTANT_CONVERSION = YES;
				CLANG_WARN_DEPRECATED_OBJC_IMPLEMENTATIONS = YES;
				CLANG_WARN_DIRECT_OBJC_ISA_USAGE = YES_ERROR;
				CLANG_WARN_DOCUMENTATION_COMMENTS = YES;
				CLANG_WARN_EMPTY_BODY = YES;
				CLANG_WARN_ENUM_CONVERSION = YES;
				CLANG_WARN_INFINITE_RECURSION = YES;
				CLANG_WARN_INT_CONVERSION = YES;
				CLANG_WARN_NON_LITERAL_NULL_CONVERSION = YES;
				CLANG_WARN_OBJC_IMPLICIT_RETAIN_SELF = YES;
				CLANG_WARN_OBJC_LITERAL_CONVERSION = YES;
				CLANG_WARN_OBJC_ROOT_CLASS = YES_ERROR;
				CLANG_WARN_QUOTED_INCLUDE_IN_FRAMEWORK_HEADER = YES;
				CLANG_WARN_RANGE_LOOP_ANALYSIS = YES;
				CLANG_WARN_STRICT_PROTOTYPES = YES;
				CLANG_WARN_SUSPICIOUS_MOVE = YES;
				CLANG_WARN_UNGUARDED_AVAILABILITY = YES_AGGRESSIVE;
				CLANG_WARN_UNREACHABLE_CODE = YES;
				CLANG_WARN__DUPLICATE_METHOD_MATCH = YES;
				COPY_PHASE_STRIP = NO;
				DEBUG_INFORMATION_FORMAT = dwarf;
				ENABLE_STRICT_OBJC_MSGSEND = YES;
				ENABLE_TESTABILITY = YES;
				ENABLE_USER_SCRIPT_SANDBOXING = YES;
				GCC_C_LANGUAGE_STANDARD = gnu17;
				GCC_DYNAMIC_NO_PIC = NO;
				GCC_NO_COMMON_BLOCKS = YES;
				GCC_OPTIMIZATION_LEVEL = 0;
				GCC_PREPROCESSOR_DEFINITIONS = (
					"DEBUG=1",
					"$(inherited)",
				);
				GCC_WARN_64_TO_32_BIT_CONVERSION = YES;
				GCC_WARN_ABOUT_RETURN_TYPE = YES_ERROR;
				GCC_WARN_UNDECLARED_SELECTOR = YES;
				GCC_WARN_UNINITIALIZED_AUTOS = YES_AGGRESSIVE;
				GCC_WARN_UNUSED_FUNCTION = YES;
				GCC_WARN_UNUSED_VARIABLE = YES;
				IPHONEOS_DEPLOYMENT_TARGET = 18.2;
				LOCALIZATION_PREFERS_STRING_CATALOGS = YES;
				MTL_ENABLE_DEBUG_INFO = INCLUDE_SOURCE;
				MTL_FAST_MATH = YES;
				ONLY_ACTIVE_ARCH = YES;
				SDKROOT = iphoneos;
				SWIFT_ACTIVE_COMPILATION_CONDITIONS = "DEBUG $(inherited)";
				SWIFT_OPTIMIZATION_LEVEL = "-Onone";
			};
			name = Debug;
		};
		A33EC8552D96421200023787 /* Release */ = {
			isa = XCBuildConfiguration;
			buildSettings = {
				ALWAYS_SEARCH_USER_PATHS = NO;
				ASSETCATALOG_COMPILER_GENERATE_SWIFT_ASSET_SYMBOL_EXTENSIONS = YES;
				CLANG_ANALYZER_NONNULL = YES;
				CLANG_ANALYZER_NUMBER_OBJECT_CONVERSION = YES_AGGRESSIVE;
				CLANG_CXX_LANGUAGE_STANDARD = "gnu++20";
				CLANG_ENABLE_MODULES = YES;
				CLANG_ENABLE_OBJC_ARC = YES;
				CLANG_ENABLE_OBJC_WEAK = YES;
				CLANG_WARN_BLOCK_CAPTURE_AUTORELEASING = YES;
				CLANG_WARN_BOOL_CONVERSION = YES;
				CLANG_WARN_COMMA = YES;
				CLANG_WARN_CONSTANT_CONVERSION = YES;
				CLANG_WARN_DEPRECATED_OBJC_IMPLEMENTATIONS = YES;
				CLANG_WARN_DIRECT_OBJC_ISA_USAGE = YES_ERROR;
				CLANG_WARN_DOCUMENTATION_COMMENTS = YES;
				CLANG_WARN_EMPTY_BODY = YES;
				CLANG_WARN_ENUM_CONVERSION = YES;
				CLANG_WARN_INFINITE_RECURSION = YES;
				CLANG_WARN_INT_CONVERSION = YES;
				CLANG_WARN_NON_LITERAL_NULL_CONVERSION = YES;
				CLANG_WARN_OBJC_IMPLICIT_RETAIN_SELF = YES;
				CLANG_WARN_OBJC_LITERAL_CONVERSION = YES;
				CLANG_WARN_OBJC_ROOT_CLASS = YES_ERROR;
				CLANG_WARN_QUOTED_INCLUDE_IN_FRAMEWORK_HEADER = YES;
				CLANG_WARN_RANGE_LOOP_ANALYSIS = YES;
				CLANG_WARN_STRICT_PROTOTYPES = YES;
				CLANG_WARN_SUSPICIOUS_MOVE = YES;
				CLANG_WARN_UNGUARDED_AVAILABILITY = YES_AGGRESSIVE;
				CLANG_WARN_UNREACHABLE_CODE = YES;
				CLANG_WARN__DUPLICATE_METHOD_MATCH = YES;
				COPY_PHASE_STRIP = NO;
				DEBUG_INFORMATION_FORMAT = "dwarf-with-dsym";
				ENABLE_NS_ASSERTIONS = NO;
				ENABLE_STRICT_OBJC_MSGSEND = YES;
				ENABLE_USER_SCRIPT_SANDBOXING = YES;
				GCC_C_LANGUAGE_STANDARD = gnu17;
				GCC_NO_COMMON_BLOCKS = YES;
				GCC_WARN_64_TO_32_BIT_CONVERSION = YES;
				GCC_WARN_ABOUT_RETURN_TYPE = YES_ERROR;
				GCC_WARN_UNDECLARED_SELECTOR = YES;
				GCC_WARN_UNINITIALIZED_AUTOS = YES_AGGRESSIVE;
				GCC_WARN_UNUSED_FUNCTION = YES;
				GCC_WARN_UNUSED_VARIABLE = YES;
				IPHONEOS_DEPLOYMENT_TARGET = 18.2;
				LOCALIZATION_PREFERS_STRING_CATALOGS = YES;
				MTL_ENABLE_DEBUG_INFO = NO;
				MTL_FAST_MATH = YES;
				SDKROOT = iphoneos;
				SWIFT_COMPILATION_MODE = wholemodule;
				VALIDATE_PRODUCT = YES;
			};
			name = Release;
		};
		A33EC8572D96421200023787 /* Debug */ = {
			isa = XCBuildConfiguration;
			buildSettings = {
				ASSETCATALOG_COMPILER_APPICON_NAME = AppIcon;
				ASSETCATALOG_COMPILER_GLOBAL_ACCENT_COLOR_NAME = AccentColor;
				CODE_SIGN_STYLE = Automatic;
				CURRENT_PROJECT_VERSION = 1;
				DEVELOPMENT_ASSET_PATHS = "\"ToodoList/Preview Content\"";
				ENABLE_PREVIEWS = YES;
				GENERATE_INFOPLIST_FILE = YES;
				INFOPLIST_KEY_CFBundleDisplayName = "Too do list";
				INFOPLIST_KEY_UIApplicationSceneManifest_Generation = YES;
				INFOPLIST_KEY_UIApplicationSupportsIndirectInputEvents = YES;
				INFOPLIST_KEY_UILaunchScreen_Generation = YES;
				INFOPLIST_KEY_UISupportedInterfaceOrientations = UIInterfaceOrientationPortrait;
				LD_RUNPATH_SEARCH_PATHS = (
					"$(inherited)",
					"@executable_path/Frameworks",
				);
				MARKETING_VERSION = 1.0;
				PRODUCT_BUNDLE_IDENTIFIER = Ad.ToodoList;
				PRODUCT_NAME = "$(TARGET_NAME)";
				SWIFT_EMIT_LOC_STRINGS = YES;
				SWIFT_VERSION = 5.0;
				TARGETED_DEVICE_FAMILY = "1,2";
			};
			name = Debug;
		};
		A33EC8582D96421200023787 /* Release */ = {
			isa = XCBuildConfiguration;
			buildSettings = {
				ASSETCATALOG_COMPILER_APPICON_NAME = AppIcon;
				ASSETCATALOG_COMPILER_GLOBAL_ACCENT_COLOR_NAME = AccentColor;
				CODE_SIGN_STYLE = Automatic;
				CURRENT_PROJECT_VERSION = 1;
				DEVELOPMENT_ASSET_PATHS = "\"ToodoList/Preview Content\"";
				ENABLE_PREVIEWS = YES;
				GENERATE_INFOPLIST_FILE = YES;
				INFOPLIST_KEY_CFBundleDisplayName = "Too do list";
				INFOPLIST_KEY_UIApplicationSceneManifest_Generation = YES;
				INFOPLIST_KEY_UIApplicationSupportsIndirectInputEvents = YES;
				INFOPLIST_KEY_UILaunchScreen_Generation = YES;
				INFOPLIST_KEY_UISupportedInterfaceOrientations = UIInterfaceOrientationPortrait;
				LD_RUNPATH_SEARCH_PATHS = (
					"$(inherited)",
					"@executable_path/Frameworks",
				);
				MARKETING_VERSION = 1.0;
				PRODUCT_BUNDLE_IDENTIFIER = Ad.ToodoList;
				PRODUCT_NAME = "$(TARGET_NAME)";
				SWIFT_EMIT_LOC_STRINGS = YES;
				SWIFT_VERSION = 5.0;
				TARGETED_DEVICE_FAMILY = "1,2";
			};
			name = Release;
		};
/* End XCBuildConfiguration section */

/* Begin XCConfigurationList section */
		A33EC8432D96421000023787 /* Build configuration list for PBXProject "ToodoList" */ = {
			isa = XCConfigurationList;
			buildConfigurations = (
				A33EC8542D96421200023787 /* Debug */,
				A33EC8552D96421200023787 /* Release */,
			);
			defaultConfigurationIsVisible = 0;
			defaultConfigurationName = Release;
		};
		A33EC8562D96421200023787 /* Build configuration list for PBXNativeTarget "ToodoList" */ = {
			isa = XCConfigurationList;
			buildConfigurations = (
				A33EC8572D96421200023787 /* Debug */,
				A33EC8582D96421200023787 /* Release */,
			);
			defaultConfigurationIsVisible = 0;
			defaultConfigurationName = Release;
		};
/* End XCConfigurationList section */

/* Begin XCRemoteSwiftPackageReference section */
		A33EC8592D96425000023787 /* XCRemoteSwiftPackageReference "firebase-ios-sdk" */ = {
			isa = XCRemoteSwiftPackageReference;
			repositoryURL = "https://github.com/firebase/firebase-ios-sdk";
			requirement = {
				kind = upToNextMajorVersion;
				minimumVersion = 11.10.0;
			};
		};
/* End XCRemoteSwiftPackageReference section */

/* Begin XCSwiftPackageProductDependency section */
		A33EC85A2D96425000023787 /* FirebaseAuth */ = {
			isa = XCSwiftPackageProductDependency;
			package = A33EC8592D96425000023787 /* XCRemoteSwiftPackageReference "firebase-ios-sdk" */;
			productName = FirebaseAuth;
		};
		A33EC85C2D96425000023787 /* FirebaseAuthCombine-Community */ = {
			isa = XCSwiftPackageProductDependency;
			package = A33EC8592D96425000023787 /* XCRemoteSwiftPackageReference "firebase-ios-sdk" */;
			productName = "FirebaseAuthCombine-Community";
		};
		A33EC85E2D96425000023787 /* FirebaseCore */ = {
			isa = XCSwiftPackageProductDependency;
			package = A33EC8592D96425000023787 /* XCRemoteSwiftPackageReference "firebase-ios-sdk" */;
			productName = FirebaseCore;
		};
		A33EC8962D964F7700023787 /* FirebaseAnalytics */ = {
			isa = XCSwiftPackageProductDependency;
			package = A33EC8592D96425000023787 /* XCRemoteSwiftPackageReference "firebase-ios-sdk" */;
			productName = FirebaseAnalytics;
		};
		A33EC8982D964F7700023787 /* FirebaseAnalyticsOnDeviceConversion */ = {
			isa = XCSwiftPackageProductDependency;
			package = A33EC8592D96425000023787 /* XCRemoteSwiftPackageReference "firebase-ios-sdk" */;
			productName = FirebaseAnalyticsOnDeviceConversion;
		};
		A33EC89A2D964F7700023787 /* FirebaseAppCheck */ = {
			isa = XCSwiftPackageProductDependency;
			package = A33EC8592D96425000023787 /* XCRemoteSwiftPackageReference "firebase-ios-sdk" */;
			productName = FirebaseAppCheck;
		};
		A33EC89C2D964F7700023787 /* FirebaseDatabase */ = {
			isa = XCSwiftPackageProductDependency;
			package = A33EC8592D96425000023787 /* XCRemoteSwiftPackageReference "firebase-ios-sdk" */;
			productName = FirebaseDatabase;
		};
		A33EC89E2D964F7700023787 /* FirebaseFirestoreCombine-Community */ = {
			isa = XCSwiftPackageProductDependency;
			package = A33EC8592D96425000023787 /* XCRemoteSwiftPackageReference "firebase-ios-sdk" */;
			productName = "FirebaseFirestoreCombine-Community";
		};
		A392460F2D96FFDB00864F5E /* FirebaseAppDistribution-Beta */ = {
			isa = XCSwiftPackageProductDependency;
			package = A33EC8592D96425000023787 /* XCRemoteSwiftPackageReference "firebase-ios-sdk" */;
			productName = "FirebaseAppDistribution-Beta";
		};
		A39246112D96FFDB00864F5E /* FirebaseFirestore */ = {
			isa = XCSwiftPackageProductDependency;
			package = A33EC8592D96425000023787 /* XCRemoteSwiftPackageReference "firebase-ios-sdk" */;
			productName = FirebaseFirestore;
		};
		A39246132D96FFDB00864F5E /* FirebaseFunctionsCombine-Community */ = {
			isa = XCSwiftPackageProductDependency;
			package = A33EC8592D96425000023787 /* XCRemoteSwiftPackageReference "firebase-ios-sdk" */;
			productName = "FirebaseFunctionsCombine-Community";
		};
		A39246152D96FFDB00864F5E /* FirebaseMessaging */ = {
			isa = XCSwiftPackageProductDependency;
			package = A33EC8592D96425000023787 /* XCRemoteSwiftPackageReference "firebase-ios-sdk" */;
			productName = FirebaseMessaging;
		};
		A39246172D96FFDB00864F5E /* FirebaseRemoteConfig */ = {
			isa = XCSwiftPackageProductDependency;
			package = A33EC8592D96425000023787 /* XCRemoteSwiftPackageReference "firebase-ios-sdk" */;
			productName = FirebaseRemoteConfig;
		};
		A39246192D96FFDB00864F5E /* FirebaseStorageCombine-Community */ = {
			isa = XCSwiftPackageProductDependency;
			package = A33EC8592D96425000023787 /* XCRemoteSwiftPackageReference "firebase-ios-sdk" */;
			productName = "FirebaseStorageCombine-Community";
		};
/* End XCSwiftPackageProductDependency section */
	};
	rootObject = A33EC8402D96421000023787 /* Project object */;
}
